
Microsoft Visual Studio Solution File, Format Version 12.00
# Visual Studio Version 17
VisualStudioVersion = 17.3.32804.467
MinimumVisualStudioVersion = 10.0.40219.1
Project("{FAE04EC0-301F-11D3-BF4B-00C04F79EFBC}") = "ConsoleApp2", "ConsoleApp2\ConsoleApp2.csproj", "{2B64DFB7-A8E3-417C-8495-839D723FEBA5}"
EndProject
Project("{FAE04EC0-301F-11D3-BF4B-00C04F79EFBC}") = "TestProject1", "TestProject1\TestProject1.csproj", "{234F1719-6D84-4B5C-9A61-D25F809E00B0}"
EndProject
Global
	GlobalSection(SolutionConfigurationPlatforms) = preSolution
		Debug|Any CPU = Debug|Any CPU
		Release|Any CPU = Release|Any CPU
	EndGlobalSection
	GlobalSection(ProjectConfigurationPlatforms) = postSolution
		{2B64DFB7-A8E3-417C-8495-839D723FEBA5}.Debug|Any CPU.ActiveCfg = Debug|Any CPU
		{2B64DFB7-A8E3-417C-8495-839D723FEBA5}.Debug|Any CPU.Build.0 = Debug|Any CPU
		{2B64DFB7-A8E3-417C-8495-839D723FEBA5}.Release|Any CPU.ActiveCfg = Release|Any CPU
		{2B64DFB7-A8E3-417C-8495-839D723FEBA5}.Release|Any CPU.Build.0 = Release|Any CPU
		{234F1719-6D84-4B5C-9A61-D25F809E00B0}.Debug|Any CPU.ActiveCfg = Debug|Any CPU
		{234F1719-6D84-4B5C-9A61-D25F809E00B0}.Debug|Any CPU.Build.0 = Debug|Any CPU
		{234F1719-6D84-4B5C-9A61-D25F809E00B0}.Release|Any CPU.ActiveCfg = Release|Any CPU
		{234F1719-6D84-4B5C-9A61-D25F809E00B0}.Release|Any CPU.Build.0 = Release|Any CPU
	EndGlobalSection
	GlobalSection(SolutionProperties) = preSolution
		HideSolutionNode = FALSE
	EndGlobalSection
	GlobalSection(ExtensibilityGlobals) = postSolution
		SolutionGuid = {47A06636-D936-4704-8576-F176D76F1FA8}
	EndGlobalSection
EndGlobal
